
Microsoft Visual Studio Solution File, Format Version 12.00
# Visual Studio Version 16
VisualStudioVersion = 16.0.29102.190
MinimumVisualStudioVersion = 10.0.40219.1
Project("{888888A0-9F3D-457C-B088-3A5042F75D52}") = "AutoBookSearch", "AutoBookSearch\AutoBookSearch.pyproj", "{5E4CC43E-CE15-42C5-8D97-7E3FD31899D0}"
EndProject
Global
	GlobalSection(SolutionConfigurationPlatforms) = preSolution
		Debug|Any CPU = Debug|Any CPU
		Release|Any CPU = Release|Any CPU
	EndGlobalSection
	GlobalSection(ProjectConfigurationPlatforms) = postSolution
		{5E4CC43E-CE15-42C5-8D97-7E3FD31899D0}.Debug|Any CPU.ActiveCfg = Debug|Any CPU
		{5E4CC43E-CE15-42C5-8D97-7E3FD31899D0}.Release|Any CPU.ActiveCfg = Release|Any CPU
	EndGlobalSection
	GlobalSection(SolutionProperties) = preSolution
		HideSolutionNode = FALSE
	EndGlobalSection
	GlobalSection(ExtensibilityGlobals) = postSolution
		SolutionGuid = {8ECEA762-1745-47AC-9E2B-09EEB16CFA8A}
	EndGlobalSection
EndGlobal
